
Microsoft Visual Studio Solution File, Format Version 12.00
# Visual Studio Version 16
VisualStudioVersion = 16.0.31402.337
MinimumVisualStudioVersion = 10.0.40219.1
Project("{9A19103F-16F7-4668-BE54-9A1E7A4F7556}") = "BookLibrary_Fill_Rouge", "BookLibrary_Fill_Rouge.csproj", "{5AC3EB19-EBCA-4479-B0DB-29F67149D206}"
EndProject
Project("{9A19103F-16F7-4668-BE54-9A1E7A4F7556}") = "BookLibrary_Fill_Rouge_Client", "..\BookLibrary_Fill_Rouge_Client\BookLibrary_Fill_Rouge_Client.csproj", "{27EB3549-10A3-467D-9DCB-75E9201C0974}"
EndProject
Global
	GlobalSection(SolutionConfigurationPlatforms) = preSolution
		Debug|Any CPU = Debug|Any CPU
		Release|Any CPU = Release|Any CPU
	EndGlobalSection
	GlobalSection(ProjectConfigurationPlatforms) = postSolution
		{5AC3EB19-EBCA-4479-B0DB-29F67149D206}.Debug|Any CPU.ActiveCfg = Debug|Any CPU
		{5AC3EB19-EBCA-4479-B0DB-29F67149D206}.Debug|Any CPU.Build.0 = Debug|Any CPU
		{5AC3EB19-EBCA-4479-B0DB-29F67149D206}.Release|Any CPU.ActiveCfg = Release|Any CPU
		{5AC3EB19-EBCA-4479-B0DB-29F67149D206}.Release|Any CPU.Build.0 = Release|Any CPU
		{27EB3549-10A3-467D-9DCB-75E9201C0974}.Debug|Any CPU.ActiveCfg = Debug|Any CPU
		{27EB3549-10A3-467D-9DCB-75E9201C0974}.Debug|Any CPU.Build.0 = Debug|Any CPU
		{27EB3549-10A3-467D-9DCB-75E9201C0974}.Release|Any CPU.ActiveCfg = Release|Any CPU
		{27EB3549-10A3-467D-9DCB-75E9201C0974}.Release|Any CPU.Build.0 = Release|Any CPU
	EndGlobalSection
	GlobalSection(SolutionProperties) = preSolution
		HideSolutionNode = FALSE
	EndGlobalSection
	GlobalSection(ExtensibilityGlobals) = postSolution
		SolutionGuid = {BE978DE5-C5C6-41BC-AE37-734B74902031}
	EndGlobalSection
EndGlobal
